
Microsoft Visual Studio Solution File, Format Version 12.00
# Visual Studio Version 17
VisualStudioVersion = 17.4.33103.184
MinimumVisualStudioVersion = 10.0.40219.1
Project("{FAE04EC0-301F-11D3-BF4B-00C04F79EFBC}") = "Cribbage", "Cribbage.csproj", "{C28A8C22-8AA5-4603-9BB2-B501120772A9}"
EndProject
Project("{FAE04EC0-301F-11D3-BF4B-00C04F79EFBC}") = "CribbageUnitTests", "..\CribbageUnitTests\CribbageUnitTests.csproj", "{C6756431-6C13-4BFD-830A-BD49ED253E49}"
EndProject
Global
	GlobalSection(SolutionConfigurationPlatforms) = preSolution
		Debug|Any CPU = Debug|Any CPU
		Release|Any CPU = Release|Any CPU
	EndGlobalSection
	GlobalSection(ProjectConfigurationPlatforms) = postSolution
		{C28A8C22-8AA5-4603-9BB2-B501120772A9}.Debug|Any CPU.ActiveCfg = Debug|Any CPU
		{C28A8C22-8AA5-4603-9BB2-B501120772A9}.Debug|Any CPU.Build.0 = Debug|Any CPU
		{C28A8C22-8AA5-4603-9BB2-B501120772A9}.Release|Any CPU.ActiveCfg = Release|Any CPU
		{C28A8C22-8AA5-4603-9BB2-B501120772A9}.Release|Any CPU.Build.0 = Release|Any CPU
		{C6756431-6C13-4BFD-830A-BD49ED253E49}.Debug|Any CPU.ActiveCfg = Debug|Any CPU
		{C6756431-6C13-4BFD-830A-BD49ED253E49}.Debug|Any CPU.Build.0 = Debug|Any CPU
		{C6756431-6C13-4BFD-830A-BD49ED253E49}.Release|Any CPU.ActiveCfg = Release|Any CPU
		{C6756431-6C13-4BFD-830A-BD49ED253E49}.Release|Any CPU.Build.0 = Release|Any CPU
	EndGlobalSection
	GlobalSection(SolutionProperties) = preSolution
		HideSolutionNode = FALSE
	EndGlobalSection
	GlobalSection(ExtensibilityGlobals) = postSolution
		SolutionGuid = {C5FE9416-C3A4-419C-B7B5-4443633C7026}
	EndGlobalSection
EndGlobal
