
Microsoft Visual Studio Solution File, Format Version 12.00
# Visual Studio Version 17
VisualStudioVersion = 17.4.33103.184
MinimumVisualStudioVersion = 10.0.40219.1
Project("{9A19103F-16F7-4668-BE54-9A1E7A4F7556}") = "Cribbage", "CribbageLibrary\Cribbage.csproj", "{14497DBB-A623-4E2B-A4C7-84FC3E145E60}"
EndProject
Project("{9A19103F-16F7-4668-BE54-9A1E7A4F7556}") = "CribbageUnitTests", "CribbageLibraryUnitTests\CribbageUnitTests.csproj", "{E94FE995-A8D7-4043-A5E2-04CC7EEECE6E}"
EndProject
Project("{FAE04EC0-301F-11D3-BF4B-00C04F79EFBC}") = "CribbageConsole", "CribbageConsole\CribbageConsole.csproj", "{2D1D6770-49F0-4159-A075-C87939CC7675}"
EndProject
Global
	GlobalSection(SolutionConfigurationPlatforms) = preSolution
		Debug|Any CPU = Debug|Any CPU
		Release|Any CPU = Release|Any CPU
	EndGlobalSection
	GlobalSection(ProjectConfigurationPlatforms) = postSolution
		{14497DBB-A623-4E2B-A4C7-84FC3E145E60}.Debug|Any CPU.ActiveCfg = Debug|Any CPU
		{14497DBB-A623-4E2B-A4C7-84FC3E145E60}.Debug|Any CPU.Build.0 = Debug|Any CPU
		{14497DBB-A623-4E2B-A4C7-84FC3E145E60}.Release|Any CPU.ActiveCfg = Release|Any CPU
		{14497DBB-A623-4E2B-A4C7-84FC3E145E60}.Release|Any CPU.Build.0 = Release|Any CPU
		{E94FE995-A8D7-4043-A5E2-04CC7EEECE6E}.Debug|Any CPU.ActiveCfg = Debug|Any CPU
		{E94FE995-A8D7-4043-A5E2-04CC7EEECE6E}.Debug|Any CPU.Build.0 = Debug|Any CPU
		{E94FE995-A8D7-4043-A5E2-04CC7EEECE6E}.Release|Any CPU.ActiveCfg = Release|Any CPU
		{E94FE995-A8D7-4043-A5E2-04CC7EEECE6E}.Release|Any CPU.Build.0 = Release|Any CPU
		{2D1D6770-49F0-4159-A075-C87939CC7675}.Debug|Any CPU.ActiveCfg = Debug|Any CPU
		{2D1D6770-49F0-4159-A075-C87939CC7675}.Debug|Any CPU.Build.0 = Debug|Any CPU
		{2D1D6770-49F0-4159-A075-C87939CC7675}.Release|Any CPU.ActiveCfg = Release|Any CPU
		{2D1D6770-49F0-4159-A075-C87939CC7675}.Release|Any CPU.Build.0 = Release|Any CPU
	EndGlobalSection
	GlobalSection(SolutionProperties) = preSolution
		HideSolutionNode = FALSE
	EndGlobalSection
	GlobalSection(ExtensibilityGlobals) = postSolution
		SolutionGuid = {C5FE9416-C3A4-419C-B7B5-4443633C7026}
	EndGlobalSection
EndGlobal
